
Microsoft Visual Studio Solution File, Format Version 12.00
# Visual Studio Version 17
VisualStudioVersion = 17.5.33516.290
MinimumVisualStudioVersion = 10.0.40219.1
Project("{FAE04EC0-301F-11D3-BF4B-00C04F79EFBC}") = "BlogMvcApp", "BlogMvcApp\BlogMvcApp.csproj", "{4DD0CFDD-0AA7-4081-9A1D-A45005ADC7EF}"
EndProject
Global
	GlobalSection(SolutionConfigurationPlatforms) = preSolution
		Debug|Any CPU = Debug|Any CPU
		Release|Any CPU = Release|Any CPU
	EndGlobalSection
	GlobalSection(ProjectConfigurationPlatforms) = postSolution
		{4DD0CFDD-0AA7-4081-9A1D-A45005ADC7EF}.Debug|Any CPU.ActiveCfg = Debug|Any CPU
		{4DD0CFDD-0AA7-4081-9A1D-A45005ADC7EF}.Debug|Any CPU.Build.0 = Debug|Any CPU
		{4DD0CFDD-0AA7-4081-9A1D-A45005ADC7EF}.Release|Any CPU.ActiveCfg = Release|Any CPU
		{4DD0CFDD-0AA7-4081-9A1D-A45005ADC7EF}.Release|Any CPU.Build.0 = Release|Any CPU
	EndGlobalSection
	GlobalSection(SolutionProperties) = preSolution
		HideSolutionNode = FALSE
	EndGlobalSection
	GlobalSection(ExtensibilityGlobals) = postSolution
		SolutionGuid = {C29DB501-58AE-4EE6-B971-6B951E3CE9B8}
	EndGlobalSection
EndGlobal
